
Microsoft Visual Studio Solution File, Format Version 12.00
# Visual Studio Version 16
VisualStudioVersion = 16.0.29209.62
MinimumVisualStudioVersion = 10.0.40219.1
Project("{FAE04EC0-301F-11D3-BF4B-00C04F79EFBC}") = "ExcelConverterSVS", "ExcelConverterSVS\ExcelConverterSVS.csproj", "{83975A99-9505-46A7-A6E4-FA9C831EA8E7}"
EndProject
Project("{FAE04EC0-301F-11D3-BF4B-00C04F79EFBC}") = "StudentenVolgSysteem", "StudentenVolgSysteem\StudentenVolgSysteem.csproj", "{DD2E3838-7D0F-4F0E-AF36-AF1259FE68C5}"
EndProject
Global
	GlobalSection(SolutionConfigurationPlatforms) = preSolution
		Debug|Any CPU = Debug|Any CPU
		Release|Any CPU = Release|Any CPU
	EndGlobalSection
	GlobalSection(ProjectConfigurationPlatforms) = postSolution
		{83975A99-9505-46A7-A6E4-FA9C831EA8E7}.Debug|Any CPU.ActiveCfg = Debug|Any CPU
		{83975A99-9505-46A7-A6E4-FA9C831EA8E7}.Debug|Any CPU.Build.0 = Debug|Any CPU
		{83975A99-9505-46A7-A6E4-FA9C831EA8E7}.Release|Any CPU.ActiveCfg = Release|Any CPU
		{83975A99-9505-46A7-A6E4-FA9C831EA8E7}.Release|Any CPU.Build.0 = Release|Any CPU
		{DD2E3838-7D0F-4F0E-AF36-AF1259FE68C5}.Debug|Any CPU.ActiveCfg = Debug|Any CPU
		{DD2E3838-7D0F-4F0E-AF36-AF1259FE68C5}.Debug|Any CPU.Build.0 = Debug|Any CPU
		{DD2E3838-7D0F-4F0E-AF36-AF1259FE68C5}.Release|Any CPU.ActiveCfg = Release|Any CPU
		{DD2E3838-7D0F-4F0E-AF36-AF1259FE68C5}.Release|Any CPU.Build.0 = Release|Any CPU
	EndGlobalSection
	GlobalSection(SolutionProperties) = preSolution
		HideSolutionNode = FALSE
	EndGlobalSection
	GlobalSection(ExtensibilityGlobals) = postSolution
		SolutionGuid = {C1D3C2AD-06CC-482F-9895-E9DCAE9C4A00}
	EndGlobalSection
EndGlobal
